
Microsoft Visual Studio Solution File, Format Version 12.00
# Visual Studio Version 17
VisualStudioVersion = 17.0.32014.148
MinimumVisualStudioVersion = 10.0.40219.1
Project("{FAE04EC0-301F-11D3-BF4B-00C04F79EFBC}") = "SerializationTask", "SerializationTask.csproj", "{EB013629-6FEF-4B8B-94C8-414843CB22FF}"
EndProject
Global
	GlobalSection(SolutionConfigurationPlatforms) = preSolution
		Debug|Any CPU = Debug|Any CPU
		Release|Any CPU = Release|Any CPU
	EndGlobalSection
	GlobalSection(ProjectConfigurationPlatforms) = postSolution
		{EB013629-6FEF-4B8B-94C8-414843CB22FF}.Debug|Any CPU.ActiveCfg = Debug|Any CPU
		{EB013629-6FEF-4B8B-94C8-414843CB22FF}.Debug|Any CPU.Build.0 = Debug|Any CPU
		{EB013629-6FEF-4B8B-94C8-414843CB22FF}.Release|Any CPU.ActiveCfg = Release|Any CPU
		{EB013629-6FEF-4B8B-94C8-414843CB22FF}.Release|Any CPU.Build.0 = Release|Any CPU
	EndGlobalSection
	GlobalSection(SolutionProperties) = preSolution
		HideSolutionNode = FALSE
	EndGlobalSection
	GlobalSection(ExtensibilityGlobals) = postSolution
		SolutionGuid = {109C33E6-404B-47B9-91B0-A05466350617}
	EndGlobalSection
EndGlobal
